<?xml version="1.0" encoding="utf-8"?>
<Project ToolsVersion="4.0" xmlns="http://schemas.microsoft.com/developer/msbuild/2003">
  <ItemGroup>
    <Filter Include="소스 파일">
      <UniqueIdentifier>{4FC737F1-C7A5-4376-A066-2A32D752A2FF}</UniqueIdentifier>
      <Extensions>cpp;c;cc;cxx;c++;cppm;ixx;def;odl;idl;hpj;bat;asm;asmx</Extensions>
    </Filter>
    <Filter Include="헤더 파일">
      <UniqueIdentifier>{93995380-89BD-4b04-88EB-625FBE52EBFB}</UniqueIdentifier>
      <Extensions>h;hh;hpp;hxx;h++;hm;inl;inc;ipp;xsd</Extensions>
    </Filter>
    <Filter Include="리소스 파일">
      <UniqueIdentifier>{67DA6AB6-F800-4c08-8B7A-83BB121AAD01}</UniqueIdentifier>
      <Extensions>rc;ico;cur;bmp;dlg;rc2;rct;bin;rgs;gif;jpg;jpeg;jpe;resx;tiff;tif;png;wav;mfcribbon-ms</Extensions>
    </Filter>
    <Filter Include="소스 파일\Day1">
      <UniqueIdentifier>{26e64fd6-c844-4f52-8095-f1d5ebc7142c}</UniqueIdentifier>
    </Filter>
    <Filter Include="소스 파일\Day1.1">
      <UniqueIdentifier>{336be73d-279e-43bc-8507-43d8eb954dd0}</UniqueIdentifier>
    </Filter>
  </ItemGroup>
  <ItemGroup>
    <ClCompile Include="Day1\1152.cpp">
      <Filter>소스 파일\Day1</Filter>
    </ClCompile>
    <ClCompile Include="Day1\2475.cpp">
      <Filter>소스 파일\Day1</Filter>
    </ClCompile>
    <ClCompile Include="Day1\2739.cpp">
      <Filter>소스 파일\Day1</Filter>
    </ClCompile>
    <ClCompile Include="Day1\2741.cpp">
      <Filter>소스 파일\Day1</Filter>
    </ClCompile>
    <ClCompile Include="Day1\2753.cpp">
      <Filter>소스 파일\Day1</Filter>
    </ClCompile>
    <ClCompile Include="Day1\7287.cpp">
      <Filter>소스 파일\Day1</Filter>
    </ClCompile>
    <ClCompile Include="Day1\10699.cpp">
      <Filter>소스 파일\Day1</Filter>
    </ClCompile>
    <ClCompile Include="Day1\11382.cpp">
      <Filter>소스 파일\Day1</Filter>
    </ClCompile>
    <ClCompile Include="Day1\11654.cpp">
      <Filter>소스 파일\Day1</Filter>
    </ClCompile>
    <ClCompile Include="Day1\25083.cpp">
      <Filter>소스 파일\Day1</Filter>
    </ClCompile>
    <ClCompile Include="Day1\27866.cpp">
      <Filter>소스 파일\Day1</Filter>
    </ClCompile>
    <ClCompile Include="Day1\1330.cpp">
      <Filter>소스 파일\Day1</Filter>
    </ClCompile>
    <ClCompile Include="Day1.1\30802.cpp">
      <Filter>소스 파일\Day1.1</Filter>
    </ClCompile>
    <ClCompile Include="Day1.1\1546.cpp">
      <Filter>소스 파일\Day1.1</Filter>
    </ClCompile>
    <ClCompile Include="Day1.1\1978.cpp">
      <Filter>소스 파일\Day1.1</Filter>
    </ClCompile>
    <ClCompile Include="Day1.1\4153.cpp">
      <Filter>소스 파일\Day1.1</Filter>
    </ClCompile>
  </ItemGroup>
</Project>